
Microsoft Visual Studio Solution File, Format Version 12.00
# Visual Studio Version 17
VisualStudioVersion = 17.6.33723.286
MinimumVisualStudioVersion = 10.0.40219.1
Project("{FAE04EC0-301F-11D3-BF4B-00C04F79EFBC}") = "Enum", "Enum\Enum.csproj", "{7581440B-E39D-4141-8B84-CC7516C1ECCF}"
EndProject
Global
	GlobalSection(SolutionConfigurationPlatforms) = preSolution
		Debug|Any CPU = Debug|Any CPU
		Release|Any CPU = Release|Any CPU
	EndGlobalSection
	GlobalSection(ProjectConfigurationPlatforms) = postSolution
		{7581440B-E39D-4141-8B84-CC7516C1ECCF}.Debug|Any CPU.ActiveCfg = Debug|Any CPU
		{7581440B-E39D-4141-8B84-CC7516C1ECCF}.Debug|Any CPU.Build.0 = Debug|Any CPU
		{7581440B-E39D-4141-8B84-CC7516C1ECCF}.Release|Any CPU.ActiveCfg = Release|Any CPU
		{7581440B-E39D-4141-8B84-CC7516C1ECCF}.Release|Any CPU.Build.0 = Release|Any CPU
	EndGlobalSection
	GlobalSection(SolutionProperties) = preSolution
		HideSolutionNode = FALSE
	EndGlobalSection
	GlobalSection(ExtensibilityGlobals) = postSolution
		SolutionGuid = {EE0819F0-8B32-4045-8DE2-4834E2666649}
	EndGlobalSection
EndGlobal
